{
  "name": "code-editor",
  "version": "1.0.0",
  "lockfileVersion": 3,
  "requires": true,
  "packages": {
    "": {
      "name": "code-editor",
      "version": "1.0.0",
      "license": "ISC",
      "dependencies": {
        "grapesjs-component-code-editor": "^1.0.20"
      }
    },
    "node_modules/grapesjs-component-code-editor": {
      "version": "1.0.20",
      "resolved": "https://registry.npmjs.org/grapesjs-component-code-editor/-/grapesjs-component-code-editor-1.0.20.tgz",
      "integrity": "sha512-t/KqfzkvMBxDfZEc/0kRN08pDKC5a3dMlrRwxI3PLVvyH/iIMNkz1LlUTgkPujykR4EoFveGLfKe5yXcTvQhAw==",
      "dependencies": {
        "split.js": "^1.6.2"
      }
    },
    "node_modules/split.js": {
      "version": "1.6.5",
      "resolved": "https://registry.npmjs.org/split.js/-/split.js-1.6.5.tgz",
      "integrity": "sha512-mPTnGCiS/RiuTNsVhCm9De9cCAUsrNFFviRbADdKiiV+Kk8HKp/0fWu7Kr8pi3/yBmsqLFHuXGT9UUZ+CNLwFw=="
    }
  }
}
